// !$*UTF8*$!
{
	archiveVersion = 1;
	classes = {
	};
	objectVersion = 50;
	objects = {

/* Begin PBXBuildFile section */
		D54E73372096469C00E8F149 /* bus-launch.jpg in Resources */ = {isa = PBXBuildFile; fileRef = D54E73362096469C00E8F149 /* bus-launch.jpg */; };
		D57C305B2096237F00F42078 /* BusRouteOnlineNetworkTests.swift in Sources */ = {isa = PBXBuildFile; fileRef = D57C305A2096237F00F42078 /* BusRouteOnlineNetworkTests.swift */; };
		D57C305D209624AE00F42078 /* BusRouteOfflineNetworkTests.swift in Sources */ = {isa = PBXBuildFile; fileRef = D57C305C209624AE00F42078 /* BusRouteOfflineNetworkTests.swift */; };
		D57C305F209625CC00F42078 /* routes.json in Resources */ = {isa = PBXBuildFile; fileRef = D57C305E209625CB00F42078 /* routes.json */; };
		D57C30612096374000F42078 /* line@2x.png in Resources */ = {isa = PBXBuildFile; fileRef = D57C30602096374000F42078 /* line@2x.png */; };
		D5F1C3C8208E875C00459503 /* AppDelegate.swift in Sources */ = {isa = PBXBuildFile; fileRef = D5F1C3C7208E875C00459503 /* AppDelegate.swift */; };
		D5F1C3CA208E875C00459503 /* RoutesVC.swift in Sources */ = {isa = PBXBuildFile; fileRef = D5F1C3C9208E875C00459503 /* RoutesVC.swift */; };
		D5F1C3CD208E875C00459503 /* Main.storyboard in Resources */ = {isa = PBXBuildFile; fileRef = D5F1C3CB208E875C00459503 /* Main.storyboard */; };
		D5F1C3CF208E875E00459503 /* Assets.xcassets in Resources */ = {isa = PBXBuildFile; fileRef = D5F1C3CE208E875E00459503 /* Assets.xcassets */; };
		D5F1C3D2208E875E00459503 /* LaunchScreen.storyboard in Resources */ = {isa = PBXBuildFile; fileRef = D5F1C3D0208E875E00459503 /* LaunchScreen.storyboard */; };
		D5F1C3EC208E8E9700459503 /* RoutesCell.swift in Sources */ = {isa = PBXBuildFile; fileRef = D5F1C3EB208E8E9700459503 /* RoutesCell.swift */; };
		D5F1C3EE208E94A900459503 /* RouteDetailVC.swift in Sources */ = {isa = PBXBuildFile; fileRef = D5F1C3ED208E94A900459503 /* RouteDetailVC.swift */; };
		D5F1C3F0208E976900459503 /* RouteDetailsCell.swift in Sources */ = {isa = PBXBuildFile; fileRef = D5F1C3EF208E976900459503 /* RouteDetailsCell.swift */; };
		D5F1C3F6208E99FC00459503 /* accessibility@2x.png in Resources */ = {isa = PBXBuildFile; fileRef = D5F1C3F2208E99FC00459503 /* accessibility@2x.png */; };
		D5F1C3F7208E99FC00459503 /* bus@2x.png in Resources */ = {isa = PBXBuildFile; fileRef = D5F1C3F3208E99FC00459503 /* bus@2x.png */; };
		D5F1C3F9208E99FC00459503 /* dot@2x.png in Resources */ = {isa = PBXBuildFile; fileRef = D5F1C3F5208E99FC00459503 /* dot@2x.png */; };
		D5F1C3FB208EA18B00459503 /* RouteDetailsHeaderCell.swift in Sources */ = {isa = PBXBuildFile; fileRef = D5F1C3FA208EA18B00459503 /* RouteDetailsHeaderCell.swift */; };
		D5F1C3FE208FFF4D00459503 /* NetworkClient.swift in Sources */ = {isa = PBXBuildFile; fileRef = D5F1C3FD208FFF4D00459503 /* NetworkClient.swift */; };
		D5F1C40020927DF300459503 /* Route.swift in Sources */ = {isa = PBXBuildFile; fileRef = D5F1C3FF20927DF300459503 /* Route.swift */; };
		D5F1C4022092812900459503 /* RoutesVM.swift in Sources */ = {isa = PBXBuildFile; fileRef = D5F1C4012092812900459503 /* RoutesVM.swift */; };
		D5F1C4052092A2FA00459503 /* UIImageView+URL.swift in Sources */ = {isa = PBXBuildFile; fileRef = D5F1C4042092A2FA00459503 /* UIImageView+URL.swift */; };
		D5F1C40920935D0900459503 /* SwipeableVC.swift in Sources */ = {isa = PBXBuildFile; fileRef = D5F1C40820935D0900459503 /* SwipeableVC.swift */; };
/* End PBXBuildFile section */

/* Begin PBXContainerItemProxy section */
		D5F1C3D9208E875E00459503 /* PBXContainerItemProxy */ = {
			isa = PBXContainerItemProxy;
			containerPortal = D5F1C3BC208E875C00459503 /* Project object */;
			proxyType = 1;
			remoteGlobalIDString = D5F1C3C3208E875C00459503;
			remoteInfo = BusRoute;
		};
/* End PBXContainerItemProxy section */

/* Begin PBXFileReference section */
		D54E73362096469C00E8F149 /* bus-launch.jpg */ = {isa = PBXFileReference; lastKnownFileType = image.jpeg; path = "bus-launch.jpg"; sourceTree = "<group>"; };
		D57C305A2096237F00F42078 /* BusRouteOnlineNetworkTests.swift */ = {isa = PBXFileReference; lastKnownFileType = sourcecode.swift; path = BusRouteOnlineNetworkTests.swift; sourceTree = "<group>"; };
		D57C305C209624AE00F42078 /* BusRouteOfflineNetworkTests.swift */ = {isa = PBXFileReference; lastKnownFileType = sourcecode.swift; path = BusRouteOfflineNetworkTests.swift; sourceTree = "<group>"; };
		D57C305E209625CB00F42078 /* routes.json */ = {isa = PBXFileReference; fileEncoding = 4; lastKnownFileType = text.json; path = routes.json; sourceTree = "<group>"; };
		D57C30602096374000F42078 /* line@2x.png */ = {isa = PBXFileReference; lastKnownFileType = image.png; path = "line@2x.png"; sourceTree = "<group>"; };
		D5F1C3C4208E875C00459503 /* BusRoute.app */ = {isa = PBXFileReference; explicitFileType = wrapper.application; includeInIndex = 0; path = BusRoute.app; sourceTree = BUILT_PRODUCTS_DIR; };
		D5F1C3C7208E875C00459503 /* AppDelegate.swift */ = {isa = PBXFileReference; lastKnownFileType = sourcecode.swift; path = AppDelegate.swift; sourceTree = "<group>"; };
		D5F1C3C9208E875C00459503 /* RoutesVC.swift */ = {isa = PBXFileReference; lastKnownFileType = sourcecode.swift; path = RoutesVC.swift; sourceTree = "<group>"; };
		D5F1C3CC208E875C00459503 /* Base */ = {isa = PBXFileReference; lastKnownFileType = file.storyboard; name = Base; path = Base.lproj/Main.storyboard; sourceTree = "<group>"; };
		D5F1C3CE208E875E00459503 /* Assets.xcassets */ = {isa = PBXFileReference; lastKnownFileType = folder.assetcatalog; path = Assets.xcassets; sourceTree = "<group>"; };
		D5F1C3D1208E875E00459503 /* Base */ = {isa = PBXFileReference; lastKnownFileType = file.storyboard; name = Base; path = Base.lproj/LaunchScreen.storyboard; sourceTree = "<group>"; };
		D5F1C3D3208E875E00459503 /* Info.plist */ = {isa = PBXFileReference; lastKnownFileType = text.plist.xml; path = Info.plist; sourceTree = "<group>"; };
		D5F1C3D8208E875E00459503 /* BusRouteTests.xctest */ = {isa = PBXFileReference; explicitFileType = wrapper.cfbundle; includeInIndex = 0; path = BusRouteTests.xctest; sourceTree = BUILT_PRODUCTS_DIR; };
		D5F1C3DC208E875E00459503 /* BusRouteTests.swift */ = {isa = PBXFileReference; lastKnownFileType = sourcecode.swift; path = BusRouteTests.swift; sourceTree = "<group>"; };
		D5F1C3DE208E875E00459503 /* Info.plist */ = {isa = PBXFileReference; lastKnownFileType = text.plist.xml; path = Info.plist; sourceTree = "<group>"; };
		D5F1C3EB208E8E9700459503 /* RoutesCell.swift */ = {isa = PBXFileReference; lastKnownFileType = sourcecode.swift; path = RoutesCell.swift; sourceTree = "<group>"; };
		D5F1C3ED208E94A900459503 /* RouteDetailVC.swift */ = {isa = PBXFileReference; lastKnownFileType = sourcecode.swift; path = RouteDetailVC.swift; sourceTree = "<group>"; };
		D5F1C3EF208E976900459503 /* RouteDetailsCell.swift */ = {isa = PBXFileReference; lastKnownFileType = sourcecode.swift; path = RouteDetailsCell.swift; sourceTree = "<group>"; };
		D5F1C3F2208E99FC00459503 /* accessibility@2x.png */ = {isa = PBXFileReference; lastKnownFileType = image.png; path = "accessibility@2x.png"; sourceTree = "<group>"; };
		D5F1C3F3208E99FC00459503 /* bus@2x.png */ = {isa = PBXFileReference; lastKnownFileType = image.png; path = "bus@2x.png"; sourceTree = "<group>"; };
		D5F1C3F5208E99FC00459503 /* dot@2x.png */ = {isa = PBXFileReference; lastKnownFileType = image.png; path = "dot@2x.png"; sourceTree = "<group>"; };
		D5F1C3FA208EA18B00459503 /* RouteDetailsHeaderCell.swift */ = {isa = PBXFileReference; lastKnownFileType = sourcecode.swift; path = RouteDetailsHeaderCell.swift; sourceTree = "<group>"; };
		D5F1C3FD208FFF4D00459503 /* NetworkClient.swift */ = {isa = PBXFileReference; fileEncoding = 4; lastKnownFileType = sourcecode.swift; path = NetworkClient.swift; sourceTree = "<group>"; };
		D5F1C3FF20927DF300459503 /* Route.swift */ = {isa = PBXFileReference; lastKnownFileType = sourcecode.swift; path = Route.swift; sourceTree = "<group>"; };
		D5F1C4012092812900459503 /* RoutesVM.swift */ = {isa = PBXFileReference; lastKnownFileType = sourcecode.swift; path = RoutesVM.swift; sourceTree = "<group>"; };
		D5F1C4042092A2FA00459503 /* UIImageView+URL.swift */ = {isa = PBXFileReference; fileEncoding = 4; lastKnownFileType = sourcecode.swift; path = "UIImageView+URL.swift"; sourceTree = "<group>"; };
		D5F1C40820935D0900459503 /* SwipeableVC.swift */ = {isa = PBXFileReference; fileEncoding = 4; lastKnownFileType = sourcecode.swift; path = SwipeableVC.swift; sourceTree = "<group>"; };
/* End PBXFileReference section */

/* Begin PBXFrameworksBuildPhase section */
		D5F1C3C1208E875C00459503 /* Frameworks */ = {
			isa = PBXFrameworksBuildPhase;
			buildActionMask = 2147483647;
			files = (
			);
			runOnlyForDeploymentPostprocessing = 0;
		};
		D5F1C3D5208E875E00459503 /* Frameworks */ = {
			isa = PBXFrameworksBuildPhase;
			buildActionMask = 2147483647;
			files = (
			);
			runOnlyForDeploymentPostprocessing = 0;
		};
/* End PBXFrameworksBuildPhase section */

/* Begin PBXGroup section */
		D5F1C3BB208E875C00459503 = {
			isa = PBXGroup;
			children = (
				D5F1C3C6208E875C00459503 /* BusRoute */,
				D5F1C3DB208E875E00459503 /* BusRouteTests */,
				D5F1C3C5208E875C00459503 /* Products */,
			);
			sourceTree = "<group>";
		};
		D5F1C3C5208E875C00459503 /* Products */ = {
			isa = PBXGroup;
			children = (
				D5F1C3C4208E875C00459503 /* BusRoute.app */,
				D5F1C3D8208E875E00459503 /* BusRouteTests.xctest */,
			);
			name = Products;
			sourceTree = "<group>";
		};
		D5F1C3C6208E875C00459503 /* BusRoute */ = {
			isa = PBXGroup;
			children = (
				D5F1C3E7208E8E0800459503 /* Controllers */,
				D5F1C3EA208E8E5C00459503 /* ViewModels */,
				D5F1C3E8208E8E2900459503 /* CellViews */,
				D5F1C3E9208E8E5300459503 /* Models */,
				D5F1C3FC208FFF2C00459503 /* Network */,
				D5F1C4032092A2AC00459503 /* Extensions */,
				D5F1C3F1208E99C200459503 /* Resources */,
				D5F1C3C7208E875C00459503 /* AppDelegate.swift */,
				D5F1C3CB208E875C00459503 /* Main.storyboard */,
				D5F1C3CE208E875E00459503 /* Assets.xcassets */,
				D5F1C3D0208E875E00459503 /* LaunchScreen.storyboard */,
				D5F1C3D3208E875E00459503 /* Info.plist */,
			);
			path = BusRoute;
			sourceTree = "<group>";
		};
		D5F1C3DB208E875E00459503 /* BusRouteTests */ = {
			isa = PBXGroup;
			children = (
				D57C305C209624AE00F42078 /* BusRouteOfflineNetworkTests.swift */,
				D57C305A2096237F00F42078 /* BusRouteOnlineNetworkTests.swift */,
				D5F1C3DC208E875E00459503 /* BusRouteTests.swift */,
				D5F1C3DE208E875E00459503 /* Info.plist */,
			);
			path = BusRouteTests;
			sourceTree = "<group>";
		};
		D5F1C3E7208E8E0800459503 /* Controllers */ = {
			isa = PBXGroup;
			children = (
				D5F1C40820935D0900459503 /* SwipeableVC.swift */,
				D5F1C3C9208E875C00459503 /* RoutesVC.swift */,
				D5F1C3ED208E94A900459503 /* RouteDetailVC.swift */,
			);
			path = Controllers;
			sourceTree = "<group>";
		};
		D5F1C3E8208E8E2900459503 /* CellViews */ = {
			isa = PBXGroup;
			children = (
				D5F1C3EB208E8E9700459503 /* RoutesCell.swift */,
				D5F1C3EF208E976900459503 /* RouteDetailsCell.swift */,
				D5F1C3FA208EA18B00459503 /* RouteDetailsHeaderCell.swift */,
			);
			path = CellViews;
			sourceTree = "<group>";
		};
		D5F1C3E9208E8E5300459503 /* Models */ = {
			isa = PBXGroup;
			children = (
				D5F1C3FF20927DF300459503 /* Route.swift */,
			);
			path = Models;
			sourceTree = "<group>";
		};
		D5F1C3EA208E8E5C00459503 /* ViewModels */ = {
			isa = PBXGroup;
			children = (
				D5F1C4012092812900459503 /* RoutesVM.swift */,
			);
			path = ViewModels;
			sourceTree = "<group>";
		};
		D5F1C3F1208E99C200459503 /* Resources */ = {
			isa = PBXGroup;
			children = (
				D54E73362096469C00E8F149 /* bus-launch.jpg */,
				D57C30602096374000F42078 /* line@2x.png */,
				D5F1C3F2208E99FC00459503 /* accessibility@2x.png */,
				D5F1C3F3208E99FC00459503 /* bus@2x.png */,
				D5F1C3F5208E99FC00459503 /* dot@2x.png */,
			);
			path = Resources;
			sourceTree = "<group>";
		};
		D5F1C3FC208FFF2C00459503 /* Network */ = {
			isa = PBXGroup;
			children = (
				D57C305E209625CB00F42078 /* routes.json */,
				D5F1C3FD208FFF4D00459503 /* NetworkClient.swift */,
			);
			path = Network;
			sourceTree = "<group>";
		};
		D5F1C4032092A2AC00459503 /* Extensions */ = {
			isa = PBXGroup;
			children = (
				D5F1C4042092A2FA00459503 /* UIImageView+URL.swift */,
			);
			path = Extensions;
			sourceTree = "<group>";
		};
/* End PBXGroup section */

/* Begin PBXNativeTarget section */
		D5F1C3C3208E875C00459503 /* BusRoute */ = {
			isa = PBXNativeTarget;
			buildConfigurationList = D5F1C3E1208E875E00459503 /* Build configuration list for PBXNativeTarget "BusRoute" */;
			buildPhases = (
				D5F1C3C0208E875C00459503 /* Sources */,
				D5F1C3C1208E875C00459503 /* Frameworks */,
				D5F1C3C2208E875C00459503 /* Resources */,
			);
			buildRules = (
			);
			dependencies = (
			);
			name = BusRoute;
			productName = BusRoute;
			productReference = D5F1C3C4208E875C00459503 /* BusRoute.app */;
			productType = "com.apple.product-type.application";
		};
		D5F1C3D7208E875E00459503 /* BusRouteTests */ = {
			isa = PBXNativeTarget;
			buildConfigurationList = D5F1C3E4208E875E00459503 /* Build configuration list for PBXNativeTarget "BusRouteTests" */;
			buildPhases = (
				D5F1C3D4208E875E00459503 /* Sources */,
				D5F1C3D5208E875E00459503 /* Frameworks */,
				D5F1C3D6208E875E00459503 /* Resources */,
			);
			buildRules = (
			);
			dependencies = (
				D5F1C3DA208E875E00459503 /* PBXTargetDependency */,
			);
			name = BusRouteTests;
			productName = BusRouteTests;
			productReference = D5F1C3D8208E875E00459503 /* BusRouteTests.xctest */;
			productType = "com.apple.product-type.bundle.unit-test";
		};
/* End PBXNativeTarget section */

/* Begin PBXProject section */
		D5F1C3BC208E875C00459503 /* Project object */ = {
			isa = PBXProject;
			attributes = {
				LastSwiftUpdateCheck = 0930;
				LastUpgradeCheck = 0930;
				ORGANIZATIONNAME = lux;
				TargetAttributes = {
					D5F1C3C3208E875C00459503 = {
						CreatedOnToolsVersion = 9.3;
					};
					D5F1C3D7208E875E00459503 = {
						CreatedOnToolsVersion = 9.3;
						TestTargetID = D5F1C3C3208E875C00459503;
					};
				};
			};
			buildConfigurationList = D5F1C3BF208E875C00459503 /* Build configuration list for PBXProject "BusRoute" */;
			compatibilityVersion = "Xcode 9.3";
			developmentRegion = en;
			hasScannedForEncodings = 0;
			knownRegions = (
				en,
				Base,
			);
			mainGroup = D5F1C3BB208E875C00459503;
			productRefGroup = D5F1C3C5208E875C00459503 /* Products */;
			projectDirPath = "";
			projectRoot = "";
			targets = (
				D5F1C3C3208E875C00459503 /* BusRoute */,
				D5F1C3D7208E875E00459503 /* BusRouteTests */,
			);
		};
/* End PBXProject section */

/* Begin PBXResourcesBuildPhase section */
		D5F1C3C2208E875C00459503 /* Resources */ = {
			isa = PBXResourcesBuildPhase;
			buildActionMask = 2147483647;
			files = (
				D57C30612096374000F42078 /* line@2x.png in Resources */,
				D5F1C3D2208E875E00459503 /* LaunchScreen.storyboard in Resources */,
				D5F1C3F7208E99FC00459503 /* bus@2x.png in Resources */,
				D5F1C3F6208E99FC00459503 /* accessibility@2x.png in Resources */,
				D54E73372096469C00E8F149 /* bus-launch.jpg in Resources */,
				D5F1C3CF208E875E00459503 /* Assets.xcassets in Resources */,
				D57C305F209625CC00F42078 /* routes.json in Resources */,
				D5F1C3F9208E99FC00459503 /* dot@2x.png in Resources */,
				D5F1C3CD208E875C00459503 /* Main.storyboard in Resources */,
			);
			runOnlyForDeploymentPostprocessing = 0;
		};
		D5F1C3D6208E875E00459503 /* Resources */ = {
			isa = PBXResourcesBuildPhase;
			buildActionMask = 2147483647;
			files = (
			);
			runOnlyForDeploymentPostprocessing = 0;
		};
/* End PBXResourcesBuildPhase section */

/* Begin PBXSourcesBuildPhase section */
		D5F1C3C0208E875C00459503 /* Sources */ = {
			isa = PBXSourcesBuildPhase;
			buildActionMask = 2147483647;
			files = (
				D5F1C4052092A2FA00459503 /* UIImageView+URL.swift in Sources */,
				D5F1C3CA208E875C00459503 /* RoutesVC.swift in Sources */,
				D5F1C3EE208E94A900459503 /* RouteDetailVC.swift in Sources */,
				D5F1C3F0208E976900459503 /* RouteDetailsCell.swift in Sources */,
				D5F1C3FB208EA18B00459503 /* RouteDetailsHeaderCell.swift in Sources */,
				D5F1C4022092812900459503 /* RoutesVM.swift in Sources */,
				D5F1C40920935D0900459503 /* SwipeableVC.swift in Sources */,
				D5F1C3FE208FFF4D00459503 /* NetworkClient.swift in Sources */,
				D5F1C40020927DF300459503 /* Route.swift in Sources */,
				D5F1C3EC208E8E9700459503 /* RoutesCell.swift in Sources */,
				D5F1C3C8208E875C00459503 /* AppDelegate.swift in Sources */,
			);
			runOnlyForDeploymentPostprocessing = 0;
		};
		D5F1C3D4208E875E00459503 /* Sources */ = {
			isa = PBXSourcesBuildPhase;
			buildActionMask = 2147483647;
			files = (
				D57C305B2096237F00F42078 /* BusRouteOnlineNetworkTests.swift in Sources */,
				D57C305D209624AE00F42078 /* BusRouteOfflineNetworkTests.swift in Sources */,
			);
			runOnlyForDeploymentPostprocessing = 0;
		};
/* End PBXSourcesBuildPhase section */

/* Begin PBXTargetDependency section */
		D5F1C3DA208E875E00459503 /* PBXTargetDependency */ = {
			isa = PBXTargetDependency;
			target = D5F1C3C3208E875C00459503 /* BusRoute */;
			targetProxy = D5F1C3D9208E875E00459503 /* PBXContainerItemProxy */;
		};
/* End PBXTargetDependency section */

/* Begin PBXVariantGroup section */
		D5F1C3CB208E875C00459503 /* Main.storyboard */ = {
			isa = PBXVariantGroup;
			children = (
				D5F1C3CC208E875C00459503 /* Base */,
			);
			name = Main.storyboard;
			sourceTree = "<group>";
		};
		D5F1C3D0208E875E00459503 /* LaunchScreen.storyboard */ = {
			isa = PBXVariantGroup;
			children = (
				D5F1C3D1208E875E00459503 /* Base */,
			);
			name = LaunchScreen.storyboard;
			sourceTree = "<group>";
		};
/* End PBXVariantGroup section */

/* Begin XCBuildConfiguration section */
		D5F1C3DF208E875E00459503 /* Debug */ = {
			isa = XCBuildConfiguration;
			buildSettings = {
				ALWAYS_SEARCH_USER_PATHS = NO;
				CLANG_ANALYZER_NONNULL = YES;
				CLANG_ANALYZER_NUMBER_OBJECT_CONVERSION = YES_AGGRESSIVE;
				CLANG_CXX_LANGUAGE_STANDARD = "gnu++14";
				CLANG_CXX_LIBRARY = "libc++";
				CLANG_ENABLE_MODULES = YES;
				CLANG_ENABLE_OBJC_ARC = YES;
				CLANG_ENABLE_OBJC_WEAK = YES;
				CLANG_WARN_BLOCK_CAPTURE_AUTORELEASING = YES;
				CLANG_WARN_BOOL_CONVERSION = YES;
				CLANG_WARN_COMMA = YES;
				CLANG_WARN_CONSTANT_CONVERSION = YES;
				CLANG_WARN_DEPRECATED_OBJC_IMPLEMENTATIONS = YES;
				CLANG_WARN_DIRECT_OBJC_ISA_USAGE = YES_ERROR;
				CLANG_WARN_DOCUMENTATION_COMMENTS = YES;
				CLANG_WARN_EMPTY_BODY = YES;
				CLANG_WARN_ENUM_CONVERSION = YES;
				CLANG_WARN_INFINITE_RECURSION = YES;
				CLANG_WARN_INT_CONVERSION = YES;
				CLANG_WARN_NON_LITERAL_NULL_CONVERSION = YES;
				CLANG_WARN_OBJC_IMPLICIT_RETAIN_SELF = YES;
				CLANG_WARN_OBJC_LITERAL_CONVERSION = YES;
				CLANG_WARN_OBJC_ROOT_CLASS = YES_ERROR;
				CLANG_WARN_RANGE_LOOP_ANALYSIS = YES;
				CLANG_WARN_STRICT_PROTOTYPES = YES;
				CLANG_WARN_SUSPICIOUS_MOVE = YES;
				CLANG_WARN_UNGUARDED_AVAILABILITY = YES_AGGRESSIVE;
				CLANG_WARN_UNREACHABLE_CODE = YES;
				CLANG_WARN__DUPLICATE_METHOD_MATCH = YES;
				CODE_SIGN_IDENTITY = "iPhone Developer";
				COPY_PHASE_STRIP = NO;
				DEBUG_INFORMATION_FORMAT = dwarf;
				ENABLE_STRICT_OBJC_MSGSEND = YES;
				ENABLE_TESTABILITY = YES;
				GCC_C_LANGUAGE_STANDARD = gnu11;
				GCC_DYNAMIC_NO_PIC = NO;
				GCC_NO_COMMON_BLOCKS = YES;
				GCC_OPTIMIZATION_LEVEL = 0;
				GCC_PREPROCESSOR_DEFINITIONS = (
					"DEBUG=1",
					"$(inherited)",
				);
				GCC_WARN_64_TO_32_BIT_CONVERSION = YES;
				GCC_WARN_ABOUT_RETURN_TYPE = YES_ERROR;
				GCC_WARN_UNDECLARED_SELECTOR = YES;
				GCC_WARN_UNINITIALIZED_AUTOS = YES_AGGRESSIVE;
				GCC_WARN_UNUSED_FUNCTION = YES;
				GCC_WARN_UNUSED_VARIABLE = YES;
				IPHONEOS_DEPLOYMENT_TARGET = 11.3;
				MTL_ENABLE_DEBUG_INFO = YES;
				ONLY_ACTIVE_ARCH = YES;
				SDKROOT = iphoneos;
				SWIFT_ACTIVE_COMPILATION_CONDITIONS = DEBUG;
				SWIFT_OPTIMIZATION_LEVEL = "-Onone";
			};
			name = Debug;
		};
		D5F1C3E0208E875E00459503 /* Release */ = {
			isa = XCBuildConfiguration;
			buildSettings = {
				ALWAYS_SEARCH_USER_PATHS = NO;
				CLANG_ANALYZER_NONNULL = YES;
				CLANG_ANALYZER_NUMBER_OBJECT_CONVERSION = YES_AGGRESSIVE;
				CLANG_CXX_LANGUAGE_STANDARD = "gnu++14";
				CLANG_CXX_LIBRARY = "libc++";
				CLANG_ENABLE_MODULES = YES;
				CLANG_ENABLE_OBJC_ARC = YES;
				CLANG_ENABLE_OBJC_WEAK = YES;
				CLANG_WARN_BLOCK_CAPTURE_AUTORELEASING = YES;
				CLANG_WARN_BOOL_CONVERSION = YES;
				CLANG_WARN_COMMA = YES;
				CLANG_WARN_CONSTANT_CONVERSION = YES;
				CLANG_WARN_DEPRECATED_OBJC_IMPLEMENTATIONS = YES;
				CLANG_WARN_DIRECT_OBJC_ISA_USAGE = YES_ERROR;
				CLANG_WARN_DOCUMENTATION_COMMENTS = YES;
				CLANG_WARN_EMPTY_BODY = YES;
				CLANG_WARN_ENUM_CONVERSION = YES;
				CLANG_WARN_INFINITE_RECURSION = YES;
				CLANG_WARN_INT_CONVERSION = YES;
				CLANG_WARN_NON_LITERAL_NULL_CONVERSION = YES;
				CLANG_WARN_OBJC_IMPLICIT_RETAIN_SELF = YES;
				CLANG_WARN_OBJC_LITERAL_CONVERSION = YES;
				CLANG_WARN_OBJC_ROOT_CLASS = YES_ERROR;
				CLANG_WARN_RANGE_LOOP_ANALYSIS = YES;
				CLANG_WARN_STRICT_PROTOTYPES = YES;
				CLANG_WARN_SUSPICIOUS_MOVE = YES;
				CLANG_WARN_UNGUARDED_AVAILABILITY = YES_AGGRESSIVE;
				CLANG_WARN_UNREACHABLE_CODE = YES;
				CLANG_WARN__DUPLICATE_METHOD_MATCH = YES;
				CODE_SIGN_IDENTITY = "iPhone Developer";
				COPY_PHASE_STRIP = NO;
				DEBUG_INFORMATION_FORMAT = "dwarf-with-dsym";
				ENABLE_NS_ASSERTIONS = NO;
				ENABLE_STRICT_OBJC_MSGSEND = YES;
				GCC_C_LANGUAGE_STANDARD = gnu11;
				GCC_NO_COMMON_BLOCKS = YES;
				GCC_WARN_64_TO_32_BIT_CONVERSION = YES;
				GCC_WARN_ABOUT_RETURN_TYPE = YES_ERROR;
				GCC_WARN_UNDECLARED_SELECTOR = YES;
				GCC_WARN_UNINITIALIZED_AUTOS = YES_AGGRESSIVE;
				GCC_WARN_UNUSED_FUNCTION = YES;
				GCC_WARN_UNUSED_VARIABLE = YES;
				IPHONEOS_DEPLOYMENT_TARGET = 11.3;
				MTL_ENABLE_DEBUG_INFO = NO;
				SDKROOT = iphoneos;
				SWIFT_COMPILATION_MODE = wholemodule;
				SWIFT_OPTIMIZATION_LEVEL = "-O";
				VALIDATE_PRODUCT = YES;
			};
			name = Release;
		};
		D5F1C3E2208E875E00459503 /* Debug */ = {
			isa = XCBuildConfiguration;
			buildSettings = {
				ASSETCATALOG_COMPILER_APPICON_NAME = AppIcon;
				CODE_SIGN_STYLE = Automatic;
				INFOPLIST_FILE = BusRoute/Info.plist;
				LD_RUNPATH_SEARCH_PATHS = (
					"$(inherited)",
					"@executable_path/Frameworks",
				);
				PRODUCT_BUNDLE_IDENTIFIER = com.lux.BusRoute;
				PRODUCT_NAME = "$(TARGET_NAME)";
				SWIFT_VERSION = 4.0;
				TARGETED_DEVICE_FAMILY = "1,2";
			};
			name = Debug;
		};
		D5F1C3E3208E875E00459503 /* Release */ = {
			isa = XCBuildConfiguration;
			buildSettings = {
				ASSETCATALOG_COMPILER_APPICON_NAME = AppIcon;
				CODE_SIGN_STYLE = Automatic;
				INFOPLIST_FILE = BusRoute/Info.plist;
				LD_RUNPATH_SEARCH_PATHS = (
					"$(inherited)",
					"@executable_path/Frameworks",
				);
				PRODUCT_BUNDLE_IDENTIFIER = com.lux.BusRoute;
				PRODUCT_NAME = "$(TARGET_NAME)";
				SWIFT_VERSION = 4.0;
				TARGETED_DEVICE_FAMILY = "1,2";
			};
			name = Release;
		};
		D5F1C3E5208E875E00459503 /* Debug */ = {
			isa = XCBuildConfiguration;
			buildSettings = {
				ALWAYS_EMBED_SWIFT_STANDARD_LIBRARIES = YES;
				BUNDLE_LOADER = "$(TEST_HOST)";
				CODE_SIGN_STYLE = Automatic;
				INFOPLIST_FILE = BusRouteTests/Info.plist;
				LD_RUNPATH_SEARCH_PATHS = (
					"$(inherited)",
					"@executable_path/Frameworks",
					"@loader_path/Frameworks",
				);
				PRODUCT_BUNDLE_IDENTIFIER = com.lux.BusRouteTests;
				PRODUCT_NAME = "$(TARGET_NAME)";
				SWIFT_VERSION = 4.0;
				TARGETED_DEVICE_FAMILY = "1,2";
				TEST_HOST = "$(BUILT_PRODUCTS_DIR)/BusRoute.app/BusRoute";
			};
			name = Debug;
		};
		D5F1C3E6208E875E00459503 /* Release */ = {
			isa = XCBuildConfiguration;
			buildSettings = {
				ALWAYS_EMBED_SWIFT_STANDARD_LIBRARIES = YES;
				BUNDLE_LOADER = "$(TEST_HOST)";
				CODE_SIGN_STYLE = Automatic;
				INFOPLIST_FILE = BusRouteTests/Info.plist;
				LD_RUNPATH_SEARCH_PATHS = (
					"$(inherited)",
					"@executable_path/Frameworks",
					"@loader_path/Frameworks",
				);
				PRODUCT_BUNDLE_IDENTIFIER = com.lux.BusRouteTests;
				PRODUCT_NAME = "$(TARGET_NAME)";
				SWIFT_VERSION = 4.0;
				TARGETED_DEVICE_FAMILY = "1,2";
				TEST_HOST = "$(BUILT_PRODUCTS_DIR)/BusRoute.app/BusRoute";
			};
			name = Release;
		};
/* End XCBuildConfiguration section */

/* Begin XCConfigurationList section */
		D5F1C3BF208E875C00459503 /* Build configuration list for PBXProject "BusRoute" */ = {
			isa = XCConfigurationList;
			buildConfigurations = (
				D5F1C3DF208E875E00459503 /* Debug */,
				D5F1C3E0208E875E00459503 /* Release */,
			);
			defaultConfigurationIsVisible = 0;
			defaultConfigurationName = Release;
		};
		D5F1C3E1208E875E00459503 /* Build configuration list for PBXNativeTarget "BusRoute" */ = {
			isa = XCConfigurationList;
			buildConfigurations = (
				D5F1C3E2208E875E00459503 /* Debug */,
				D5F1C3E3208E875E00459503 /* Release */,
			);
			defaultConfigurationIsVisible = 0;
			defaultConfigurationName = Release;
		};
		D5F1C3E4208E875E00459503 /* Build configuration list for PBXNativeTarget "BusRouteTests" */ = {
			isa = XCConfigurationList;
			buildConfigurations = (
				D5F1C3E5208E875E00459503 /* Debug */,
				D5F1C3E6208E875E00459503 /* Release */,
			);
			defaultConfigurationIsVisible = 0;
			defaultConfigurationName = Release;
		};
/* End XCConfigurationList section */
	};
	rootObject = D5F1C3BC208E875C00459503 /* Project object */;
}
